{
  "requires": true,
  "lockfileVersion": 1,
  "dependencies": {
    "itspackagebro_jdhg": {
      "version": "1.0.0",
      "resolved": "https://registry.npmjs.org/itspackagebro_jdhg/-/itspackagebro_jdhg-1.0.0.tgz",
      "integrity": "sha512-67d0HvkNZja+9PbfGLemP9pYdl9MjziiBJh4H1bdi/i+/PKHWiYU5Z0WcnEjFpNnJVTHDuMxQmoyYb1Z5sp8dg=="
    }
  }
}
